
Microsoft Visual Studio Solution File, Format Version 12.00
# Visual Studio 2013
VisualStudioVersion = 12.0.40629.0
MinimumVisualStudioVersion = 10.0.40219.1
Project("{FAE04EC0-301F-11D3-BF4B-00C04F79EFBC}") = "FormManageService", "FromManageService\FormManageService.csproj", "{EE424379-9CB8-4ED8-9892-1528BA536CFF}"
EndProject
Project("{FAE04EC0-301F-11D3-BF4B-00C04F79EFBC}") = "DetectFile", "DetectFile\DetectFile.csproj", "{56ED2C0A-4062-4EAD-832F-DC571699F795}"
EndProject
Global
	GlobalSection(SolutionConfigurationPlatforms) = preSolution
		Debug|Any CPU = Debug|Any CPU
		Debug|x86 = Debug|x86
		Release|Any CPU = Release|Any CPU
		Release|x86 = Release|x86
	EndGlobalSection
	GlobalSection(ProjectConfigurationPlatforms) = postSolution
		{EE424379-9CB8-4ED8-9892-1528BA536CFF}.Debug|Any CPU.ActiveCfg = Debug|Any CPU
		{EE424379-9CB8-4ED8-9892-1528BA536CFF}.Debug|Any CPU.Build.0 = Debug|Any CPU
		{EE424379-9CB8-4ED8-9892-1528BA536CFF}.Debug|x86.ActiveCfg = Debug|x86
		{EE424379-9CB8-4ED8-9892-1528BA536CFF}.Debug|x86.Build.0 = Debug|x86
		{EE424379-9CB8-4ED8-9892-1528BA536CFF}.Release|Any CPU.ActiveCfg = Release|Any CPU
		{EE424379-9CB8-4ED8-9892-1528BA536CFF}.Release|Any CPU.Build.0 = Release|Any CPU
		{EE424379-9CB8-4ED8-9892-1528BA536CFF}.Release|x86.ActiveCfg = Release|x86
		{EE424379-9CB8-4ED8-9892-1528BA536CFF}.Release|x86.Build.0 = Release|x86
		{56ED2C0A-4062-4EAD-832F-DC571699F795}.Debug|Any CPU.ActiveCfg = Debug|Any CPU
		{56ED2C0A-4062-4EAD-832F-DC571699F795}.Debug|Any CPU.Build.0 = Debug|Any CPU
		{56ED2C0A-4062-4EAD-832F-DC571699F795}.Debug|x86.ActiveCfg = Debug|x86
		{56ED2C0A-4062-4EAD-832F-DC571699F795}.Debug|x86.Build.0 = Debug|x86
		{56ED2C0A-4062-4EAD-832F-DC571699F795}.Release|Any CPU.ActiveCfg = Release|Any CPU
		{56ED2C0A-4062-4EAD-832F-DC571699F795}.Release|Any CPU.Build.0 = Release|Any CPU
		{56ED2C0A-4062-4EAD-832F-DC571699F795}.Release|x86.ActiveCfg = Release|x86
		{56ED2C0A-4062-4EAD-832F-DC571699F795}.Release|x86.Build.0 = Release|x86
	EndGlobalSection
	GlobalSection(SolutionProperties) = preSolution
		HideSolutionNode = FALSE
	EndGlobalSection
EndGlobal
